
Microsoft Visual Studio Solution File, Format Version 12.00
# Visual Studio Version 17
VisualStudioVersion = 17.11.35222.181
MinimumVisualStudioVersion = 10.0.40219.1
Project("{FAE04EC0-301F-11D3-BF4B-00C04F79EFBC}") = "Online Store Management", "Online Store Management\Online Store Management.csproj", "{F80CFADE-A438-4E22-A1FD-1C85899E8C6A}"
EndProject

Project("{FAE04EC0-301F-11D3-BF4B-00C04F79EFBC}") = "Online_Store_Management.Unit Tests", "Unit Tests\Online_Store_Management.Unit Tests.csproj", "{657A1BC8-D5D7-4B43-B87D-BA3003E7E227}"
EndProject
Global
	GlobalSection(SolutionConfigurationPlatforms) = preSolution
		Debug|Any CPU = Debug|Any CPU
		Release|Any CPU = Release|Any CPU
	EndGlobalSection
	GlobalSection(ProjectConfigurationPlatforms) = postSolution
		{F80CFADE-A438-4E22-A1FD-1C85899E8C6A}.Debug|Any CPU.ActiveCfg = Debug|Any CPU
		{F80CFADE-A438-4E22-A1FD-1C85899E8C6A}.Debug|Any CPU.Build.0 = Debug|Any CPU
		{F80CFADE-A438-4E22-A1FD-1C85899E8C6A}.Release|Any CPU.ActiveCfg = Release|Any CPU
		{F80CFADE-A438-4E22-A1FD-1C85899E8C6A}.Release|Any CPU.Build.0 = Release|Any CPU
		{657A1BC8-D5D7-4B43-B87D-BA3003E7E227}.Debug|Any CPU.ActiveCfg = Debug|Any CPU
		{657A1BC8-D5D7-4B43-B87D-BA3003E7E227}.Debug|Any CPU.Build.0 = Debug|Any CPU
		{657A1BC8-D5D7-4B43-B87D-BA3003E7E227}.Release|Any CPU.ActiveCfg = Release|Any CPU
		{657A1BC8-D5D7-4B43-B87D-BA3003E7E227}.Release|Any CPU.Build.0 = Release|Any CPU
	EndGlobalSection
	GlobalSection(SolutionProperties) = preSolution
		HideSolutionNode = FALSE
	EndGlobalSection
	GlobalSection(ExtensibilityGlobals) = postSolution
		SolutionGuid = {7C6D7B63-7C0A-491F-8572-9412AB05E76F}
	EndGlobalSection
EndGlobal
